
Microsoft Visual Studio Solution File, Format Version 12.00
# Visual Studio Version 16
VisualStudioVersion = 16.0.31624.102
MinimumVisualStudioVersion = 10.0.40219.1
Project("{FAE04EC0-301F-11D3-BF4B-00C04F79EFBC}") = "ChangeMachinePassword", "ChangeMachinePassword\ChangeMachinePassword.csproj", "{C5D9D8A2-B2A8-4ADC-996D-879081D33390}"
EndProject
Global
	GlobalSection(SolutionConfigurationPlatforms) = preSolution
		Debug|Any CPU = Debug|Any CPU
		Release|Any CPU = Release|Any CPU
	EndGlobalSection
	GlobalSection(ProjectConfigurationPlatforms) = postSolution
		{C5D9D8A2-B2A8-4ADC-996D-879081D33390}.Debug|Any CPU.ActiveCfg = Debug|Any CPU
		{C5D9D8A2-B2A8-4ADC-996D-879081D33390}.Debug|Any CPU.Build.0 = Debug|Any CPU
		{C5D9D8A2-B2A8-4ADC-996D-879081D33390}.Release|Any CPU.ActiveCfg = Release|Any CPU
		{C5D9D8A2-B2A8-4ADC-996D-879081D33390}.Release|Any CPU.Build.0 = Release|Any CPU
	EndGlobalSection
	GlobalSection(SolutionProperties) = preSolution
		HideSolutionNode = FALSE
	EndGlobalSection
	GlobalSection(ExtensibilityGlobals) = postSolution
		SolutionGuid = {AE655F3A-12A9-4D68-8019-A8AFED1F08C9}
	EndGlobalSection
EndGlobal
